
Microsoft Visual Studio Solution File, Format Version 12.00
# Visual Studio 15
VisualStudioVersion = 15.0.28307.1000
MinimumVisualStudioVersion = 10.0.40219.1
Project("{FAE04EC0-301F-11D3-BF4B-00C04F79EFBC}") = "AnonymousFunctions", "AnonymousFunctions\AnonymousFunctions.csproj", "{486F89CD-6FCE-4BD6-AD05-187D95E5EAFC}"
EndProject
Global
	GlobalSection(SolutionConfigurationPlatforms) = preSolution
		Debug|Any CPU = Debug|Any CPU
		Release|Any CPU = Release|Any CPU
	EndGlobalSection
	GlobalSection(ProjectConfigurationPlatforms) = postSolution
		{486F89CD-6FCE-4BD6-AD05-187D95E5EAFC}.Debug|Any CPU.ActiveCfg = Debug|Any CPU
		{486F89CD-6FCE-4BD6-AD05-187D95E5EAFC}.Debug|Any CPU.Build.0 = Debug|Any CPU
		{486F89CD-6FCE-4BD6-AD05-187D95E5EAFC}.Release|Any CPU.ActiveCfg = Release|Any CPU
		{486F89CD-6FCE-4BD6-AD05-187D95E5EAFC}.Release|Any CPU.Build.0 = Release|Any CPU
	EndGlobalSection
	GlobalSection(SolutionProperties) = preSolution
		HideSolutionNode = FALSE
	EndGlobalSection
	GlobalSection(ExtensibilityGlobals) = postSolution
		SolutionGuid = {D03D22DC-1872-45A8-9CE5-6728579F0101}
	EndGlobalSection
EndGlobal
