
Microsoft Visual Studio Solution File, Format Version 12.00
# Visual Studio 15
VisualStudioVersion = 15.0.28307.1000
MinimumVisualStudioVersion = 10.0.40219.1
Project("{FAE04EC0-301F-11D3-BF4B-00C04F79EFBC}") = "Delegates", "Delegates\Delegates.csproj", "{9952A3F2-81AA-4C99-AE14-BC274C399CFB}"
EndProject
Global
	GlobalSection(SolutionConfigurationPlatforms) = preSolution
		Debug|Any CPU = Debug|Any CPU
		Release|Any CPU = Release|Any CPU
	EndGlobalSection
	GlobalSection(ProjectConfigurationPlatforms) = postSolution
		{9952A3F2-81AA-4C99-AE14-BC274C399CFB}.Debug|Any CPU.ActiveCfg = Debug|Any CPU
		{9952A3F2-81AA-4C99-AE14-BC274C399CFB}.Debug|Any CPU.Build.0 = Debug|Any CPU
		{9952A3F2-81AA-4C99-AE14-BC274C399CFB}.Release|Any CPU.ActiveCfg = Release|Any CPU
		{9952A3F2-81AA-4C99-AE14-BC274C399CFB}.Release|Any CPU.Build.0 = Release|Any CPU
	EndGlobalSection
	GlobalSection(SolutionProperties) = preSolution
		HideSolutionNode = FALSE
	EndGlobalSection
	GlobalSection(ExtensibilityGlobals) = postSolution
		SolutionGuid = {45907EE6-BE35-4302-AF78-55D34BB1AC3A}
	EndGlobalSection
EndGlobal
